
Microsoft Visual Studio Solution File, Format Version 12.00
# Visual Studio 15
VisualStudioVersion = 15.0.26430.16
MinimumVisualStudioVersion = 10.0.40219.1
Project("{FAE04EC0-301F-11D3-BF4B-00C04F79EFBC}") = "dotNES", "dotNES\dotNES.csproj", "{B468ED13-F98C-4ADF-B3F9-F87396E17A51}"
EndProject
Project("{FAE04EC0-301F-11D3-BF4B-00C04F79EFBC}") = "SMBNeat", "SMBNeat\SMBNeat.csproj", "{E0464734-A0DF-4A28-BC63-289FBFCEC2B7}"
EndProject
Project("{FAE04EC0-301F-11D3-BF4B-00C04F79EFBC}") = "Testbed-UI", "Testbed-UI\Testbed-UI.csproj", "{6FF61B08-4B33-43C8-B195-3621A97023E3}"
EndProject
Project("{FAE04EC0-301F-11D3-BF4B-00C04F79EFBC}") = "TestbedUtils", "TestbedUtils\TestbedUtils.csproj", "{7B2BEC18-52E5-48F1-A35A-1F245E2B6A33}"
EndProject
Global
	GlobalSection(SolutionConfigurationPlatforms) = preSolution
		Debug|Any CPU = Debug|Any CPU
		Release|Any CPU = Release|Any CPU
	EndGlobalSection
	GlobalSection(ProjectConfigurationPlatforms) = postSolution
		{B468ED13-F98C-4ADF-B3F9-F87396E17A51}.Debug|Any CPU.ActiveCfg = Debug|Any CPU
		{B468ED13-F98C-4ADF-B3F9-F87396E17A51}.Debug|Any CPU.Build.0 = Debug|Any CPU
		{B468ED13-F98C-4ADF-B3F9-F87396E17A51}.Release|Any CPU.ActiveCfg = Release|Any CPU
		{B468ED13-F98C-4ADF-B3F9-F87396E17A51}.Release|Any CPU.Build.0 = Release|Any CPU
		{E0464734-A0DF-4A28-BC63-289FBFCEC2B7}.Debug|Any CPU.ActiveCfg = Debug|Any CPU
		{E0464734-A0DF-4A28-BC63-289FBFCEC2B7}.Debug|Any CPU.Build.0 = Debug|Any CPU
		{E0464734-A0DF-4A28-BC63-289FBFCEC2B7}.Release|Any CPU.ActiveCfg = Release|Any CPU
		{E0464734-A0DF-4A28-BC63-289FBFCEC2B7}.Release|Any CPU.Build.0 = Release|Any CPU
		{6FF61B08-4B33-43C8-B195-3621A97023E3}.Debug|Any CPU.ActiveCfg = Debug|Any CPU
		{6FF61B08-4B33-43C8-B195-3621A97023E3}.Debug|Any CPU.Build.0 = Debug|Any CPU
		{6FF61B08-4B33-43C8-B195-3621A97023E3}.Release|Any CPU.ActiveCfg = Release|Any CPU
		{6FF61B08-4B33-43C8-B195-3621A97023E3}.Release|Any CPU.Build.0 = Release|Any CPU
		{7B2BEC18-52E5-48F1-A35A-1F245E2B6A33}.Debug|Any CPU.ActiveCfg = Debug|Any CPU
		{7B2BEC18-52E5-48F1-A35A-1F245E2B6A33}.Debug|Any CPU.Build.0 = Debug|Any CPU
		{7B2BEC18-52E5-48F1-A35A-1F245E2B6A33}.Release|Any CPU.ActiveCfg = Release|Any CPU
		{7B2BEC18-52E5-48F1-A35A-1F245E2B6A33}.Release|Any CPU.Build.0 = Release|Any CPU
	EndGlobalSection
	GlobalSection(SolutionProperties) = preSolution
		HideSolutionNode = FALSE
	EndGlobalSection
	GlobalSection(ExtensibilityGlobals) = postSolution
		SolutionGuid = {8311BEF2-CDF4-4A32-8D59-F01C14757469}
	EndGlobalSection
	GlobalSection(Performance) = preSolution
		HasPerformanceSessions = true
	EndGlobalSection
	GlobalSection(Performance) = preSolution
		HasPerformanceSessions = true
	EndGlobalSection
	GlobalSection(Performance) = preSolution
		HasPerformanceSessions = true
	EndGlobalSection
	GlobalSection(Performance) = preSolution
		HasPerformanceSessions = true
	EndGlobalSection
	GlobalSection(Performance) = preSolution
		HasPerformanceSessions = true
	EndGlobalSection
	GlobalSection(Performance) = preSolution
		HasPerformanceSessions = true
	EndGlobalSection
	GlobalSection(Performance) = preSolution
		HasPerformanceSessions = true
	EndGlobalSection
EndGlobal
